{
  "nodes": {
    "flake-utils": {
      "locked": {
        "lastModified": 1622445595,
        "narHash": "sha256-m+JRe6Wc5OZ/mKw2bB3+Tl0ZbtyxxxfnAWln8Q5qs+Y=",
        "owner": "numtide",
        "repo": "flake-utils",
        "rev": "7d706970d94bc5559077eb1a6600afddcd25a7c8",
        "type": "github"
      },
      "original": {
        "owner": "numtide",
        "repo": "flake-utils",
        "type": "github"
      }
    },
    "nixpkgs": {
      "locked": {
        "lastModified": 1623617037,
        "narHash": "sha256-oRkwdzK7W3EXtZYOcRnEE3PpDxlHxxFAtxbKkwtieEU=",
        "owner": "nixos",
        "repo": "nixpkgs",
        "rev": "eb971d2e926cf8da0c423d8a1aefa683fadbdef7",
        "type": "github"
      },
      "original": {
        "owner": "nixos",
        "repo": "nixpkgs",
        "type": "github"
      }
    },
    "root": {
      "inputs": {
        "flake-utils": "flake-utils",
        "nixpkgs": "nixpkgs"
      }
    }
  },
  "root": "root",
  "version": 7
}
